
Microsoft Visual Studio Solution File, Format Version 12.00
# Visual Studio 15
VisualStudioVersion = 15.0.28010.2050
MinimumVisualStudioVersion = 10.0.40219.1
Project("{FAE04EC0-301F-11D3-BF4B-00C04F79EFBC}") = "Tecsup", "Tecsup\Tecsup.csproj", "{D6CDA6FA-C740-49BA-B0D9-E7458735EE40}"
EndProject
Project("{FAE04EC0-301F-11D3-BF4B-00C04F79EFBC}") = "Entities", "Entities\Entities.csproj", "{494A7559-8EFE-44C5-8840-4FE3D3FCF437}"
EndProject
Project("{FAE04EC0-301F-11D3-BF4B-00C04F79EFBC}") = "DataAccess", "DataAccess\DataAccess.csproj", "{B84CE104-1038-4C76-B986-BB0791655466}"
EndProject
Project("{FAE04EC0-301F-11D3-BF4B-00C04F79EFBC}") = "BusinessLayer", "BusinessLayer\BusinessLayer.csproj", "{BE82E755-B412-4F5D-8A2E-73B2C1537FDE}"
EndProject
Global
	GlobalSection(SolutionConfigurationPlatforms) = preSolution
		Debug|Any CPU = Debug|Any CPU
		Release|Any CPU = Release|Any CPU
	EndGlobalSection
	GlobalSection(ProjectConfigurationPlatforms) = postSolution
		{D6CDA6FA-C740-49BA-B0D9-E7458735EE40}.Debug|Any CPU.ActiveCfg = Debug|Any CPU
		{D6CDA6FA-C740-49BA-B0D9-E7458735EE40}.Debug|Any CPU.Build.0 = Debug|Any CPU
		{D6CDA6FA-C740-49BA-B0D9-E7458735EE40}.Release|Any CPU.ActiveCfg = Release|Any CPU
		{D6CDA6FA-C740-49BA-B0D9-E7458735EE40}.Release|Any CPU.Build.0 = Release|Any CPU
		{494A7559-8EFE-44C5-8840-4FE3D3FCF437}.Debug|Any CPU.ActiveCfg = Debug|Any CPU
		{494A7559-8EFE-44C5-8840-4FE3D3FCF437}.Debug|Any CPU.Build.0 = Debug|Any CPU
		{494A7559-8EFE-44C5-8840-4FE3D3FCF437}.Release|Any CPU.ActiveCfg = Release|Any CPU
		{494A7559-8EFE-44C5-8840-4FE3D3FCF437}.Release|Any CPU.Build.0 = Release|Any CPU
		{B84CE104-1038-4C76-B986-BB0791655466}.Debug|Any CPU.ActiveCfg = Debug|Any CPU
		{B84CE104-1038-4C76-B986-BB0791655466}.Debug|Any CPU.Build.0 = Debug|Any CPU
		{B84CE104-1038-4C76-B986-BB0791655466}.Release|Any CPU.ActiveCfg = Release|Any CPU
		{B84CE104-1038-4C76-B986-BB0791655466}.Release|Any CPU.Build.0 = Release|Any CPU
		{BE82E755-B412-4F5D-8A2E-73B2C1537FDE}.Debug|Any CPU.ActiveCfg = Debug|Any CPU
		{BE82E755-B412-4F5D-8A2E-73B2C1537FDE}.Debug|Any CPU.Build.0 = Debug|Any CPU
		{BE82E755-B412-4F5D-8A2E-73B2C1537FDE}.Release|Any CPU.ActiveCfg = Release|Any CPU
		{BE82E755-B412-4F5D-8A2E-73B2C1537FDE}.Release|Any CPU.Build.0 = Release|Any CPU
	EndGlobalSection
	GlobalSection(SolutionProperties) = preSolution
		HideSolutionNode = FALSE
	EndGlobalSection
	GlobalSection(ExtensibilityGlobals) = postSolution
		SolutionGuid = {4B96C950-766C-4F22-B5EC-CE676C92F83B}
	EndGlobalSection
EndGlobal
